// !$*UTF8*$!
{
	archiveVersion = 1;
	classes = {
	};
	objectVersion = 50;
	objects = {

/* Begin PBXBuildFile section */
		6E5A9009256603CF006B7A4C /* AppDelegate.swift in Sources */ = {isa = PBXBuildFile; fileRef = 6E5A9008256603CF006B7A4C /* AppDelegate.swift */; };
		6E5A900B256603CF006B7A4C /* SceneDelegate.swift in Sources */ = {isa = PBXBuildFile; fileRef = 6E5A900A256603CF006B7A4C /* SceneDelegate.swift */; };
		6E5A900D256603CF006B7A4C /* ViewController.swift in Sources */ = {isa = PBXBuildFile; fileRef = 6E5A900C256603CF006B7A4C /* ViewController.swift */; };
		6E5A9010256603CF006B7A4C /* Main.storyboard in Resources */ = {isa = PBXBuildFile; fileRef = 6E5A900E256603CF006B7A4C /* Main.storyboard */; };
		6E5A9013256603CF006B7A4C /* Travelogue.xcdatamodeld in Sources */ = {isa = PBXBuildFile; fileRef = 6E5A9011256603CF006B7A4C /* Travelogue.xcdatamodeld */; };
		6E5A9015256603D1006B7A4C /* Assets.xcassets in Resources */ = {isa = PBXBuildFile; fileRef = 6E5A9014256603D1006B7A4C /* Assets.xcassets */; };
		6E5A9018256603D1006B7A4C /* LaunchScreen.storyboard in Resources */ = {isa = PBXBuildFile; fileRef = 6E5A9016256603D1006B7A4C /* LaunchScreen.storyboard */; };
		6E5A9023256603D2006B7A4C /* TravelogueTests.swift in Sources */ = {isa = PBXBuildFile; fileRef = 6E5A9022256603D2006B7A4C /* TravelogueTests.swift */; };
		6E5A902E256603D2006B7A4C /* TravelogueUITests.swift in Sources */ = {isa = PBXBuildFile; fileRef = 6E5A902D256603D2006B7A4C /* TravelogueUITests.swift */; };
		6E5A906225662156006B7A4C /* Trip+CoreDataClass.swift in Sources */ = {isa = PBXBuildFile; fileRef = 6E5A905E25662156006B7A4C /* Trip+CoreDataClass.swift */; };
		6E5A906325662156006B7A4C /* Trip+CoreDataProperties.swift in Sources */ = {isa = PBXBuildFile; fileRef = 6E5A905F25662156006B7A4C /* Trip+CoreDataProperties.swift */; };
		6E5A906425662156006B7A4C /* Stop+CoreDataClass.swift in Sources */ = {isa = PBXBuildFile; fileRef = 6E5A906025662156006B7A4C /* Stop+CoreDataClass.swift */; };
		6E5A906525662156006B7A4C /* Stop+CoreDataProperties.swift in Sources */ = {isa = PBXBuildFile; fileRef = 6E5A906125662156006B7A4C /* Stop+CoreDataProperties.swift */; };
		6E5A906D256623F2006B7A4C /* StopsViewController.swift in Sources */ = {isa = PBXBuildFile; fileRef = 6E5A906C256623F2006B7A4C /* StopsViewController.swift */; };
		6E5A907225662400006B7A4C /* TripsViewController.swift in Sources */ = {isa = PBXBuildFile; fileRef = 6E5A907125662400006B7A4C /* TripsViewController.swift */; };
		6E5A907725662427006B7A4C /* StopDetailzViewController.swift in Sources */ = {isa = PBXBuildFile; fileRef = 6E5A907625662427006B7A4C /* StopDetailzViewController.swift */; };
		6E5A907C25662442006B7A4C /* StopTableViewCell.swift in Sources */ = {isa = PBXBuildFile; fileRef = 6E5A907B25662442006B7A4C /* StopTableViewCell.swift */; };
		6EA2C80B257434EC0008F67D /* AddStopsViewController.swift in Sources */ = {isa = PBXBuildFile; fileRef = 6EA2C80A257434EC0008F67D /* AddStopsViewController.swift */; };
		6EA2C81525744E8A0008F67D /* TripsTableViewCell.swift in Sources */ = {isa = PBXBuildFile; fileRef = 6EA2C81425744E8A0008F67D /* TripsTableViewCell.swift */; };
		6EA2C81D25748BC70008F67D /* AddTripViewController.swift in Sources */ = {isa = PBXBuildFile; fileRef = 6EA2C81C25748BC70008F67D /* AddTripViewController.swift */; };
/* End PBXBuildFile section */

/* Begin PBXContainerItemProxy section */
		6E5A901F256603D2006B7A4C /* PBXContainerItemProxy */ = {
			isa = PBXContainerItemProxy;
			containerPortal = 6E5A8FFD256603CF006B7A4C /* Project object */;
			proxyType = 1;
			remoteGlobalIDString = 6E5A9004256603CF006B7A4C;
			remoteInfo = Travelogue;
		};
		6E5A902A256603D2006B7A4C /* PBXContainerItemProxy */ = {
			isa = PBXContainerItemProxy;
			containerPortal = 6E5A8FFD256603CF006B7A4C /* Project object */;
			proxyType = 1;
			remoteGlobalIDString = 6E5A9004256603CF006B7A4C;
			remoteInfo = Travelogue;
		};
/* End PBXContainerItemProxy section */

/* Begin PBXFileReference section */
		6E5A9005256603CF006B7A4C /* Travelogue.app */ = {isa = PBXFileReference; explicitFileType = wrapper.application; includeInIndex = 0; path = Travelogue.app; sourceTree = BUILT_PRODUCTS_DIR; };
		6E5A9008256603CF006B7A4C /* AppDelegate.swift */ = {isa = PBXFileReference; lastKnownFileType = sourcecode.swift; path = AppDelegate.swift; sourceTree = "<group>"; };
		6E5A900A256603CF006B7A4C /* SceneDelegate.swift */ = {isa = PBXFileReference; lastKnownFileType = sourcecode.swift; path = SceneDelegate.swift; sourceTree = "<group>"; };
		6E5A900C256603CF006B7A4C /* ViewController.swift */ = {isa = PBXFileReference; lastKnownFileType = sourcecode.swift; path = ViewController.swift; sourceTree = "<group>"; };
		6E5A900F256603CF006B7A4C /* Base */ = {isa = PBXFileReference; lastKnownFileType = file.storyboard; name = Base; path = Base.lproj/Main.storyboard; sourceTree = "<group>"; };
		6E5A9012256603CF006B7A4C /* Travelogue.xcdatamodel */ = {isa = PBXFileReference; lastKnownFileType = wrapper.xcdatamodel; path = Travelogue.xcdatamodel; sourceTree = "<group>"; };
		6E5A9014256603D1006B7A4C /* Assets.xcassets */ = {isa = PBXFileReference; lastKnownFileType = folder.assetcatalog; path = Assets.xcassets; sourceTree = "<group>"; };
		6E5A9017256603D1006B7A4C /* Base */ = {isa = PBXFileReference; lastKnownFileType = file.storyboard; name = Base; path = Base.lproj/LaunchScreen.storyboard; sourceTree = "<group>"; };
		6E5A9019256603D1006B7A4C /* Info.plist */ = {isa = PBXFileReference; lastKnownFileType = text.plist.xml; path = Info.plist; sourceTree = "<group>"; };
		6E5A901E256603D2006B7A4C /* TravelogueTests.xctest */ = {isa = PBXFileReference; explicitFileType = wrapper.cfbundle; includeInIndex = 0; path = TravelogueTests.xctest; sourceTree = BUILT_PRODUCTS_DIR; };
		6E5A9022256603D2006B7A4C /* TravelogueTests.swift */ = {isa = PBXFileReference; lastKnownFileType = sourcecode.swift; path = TravelogueTests.swift; sourceTree = "<group>"; };
		6E5A9024256603D2006B7A4C /* Info.plist */ = {isa = PBXFileReference; lastKnownFileType = text.plist.xml; path = Info.plist; sourceTree = "<group>"; };
		6E5A9029256603D2006B7A4C /* TravelogueUITests.xctest */ = {isa = PBXFileReference; explicitFileType = wrapper.cfbundle; includeInIndex = 0; path = TravelogueUITests.xctest; sourceTree = BUILT_PRODUCTS_DIR; };
		6E5A902D256603D2006B7A4C /* TravelogueUITests.swift */ = {isa = PBXFileReference; lastKnownFileType = sourcecode.swift; path = TravelogueUITests.swift; sourceTree = "<group>"; };
		6E5A902F256603D2006B7A4C /* Info.plist */ = {isa = PBXFileReference; lastKnownFileType = text.plist.xml; path = Info.plist; sourceTree = "<group>"; };
		6E5A905E25662156006B7A4C /* Trip+CoreDataClass.swift */ = {isa = PBXFileReference; lastKnownFileType = sourcecode.swift; path = "Trip+CoreDataClass.swift"; sourceTree = "<group>"; };
		6E5A905F25662156006B7A4C /* Trip+CoreDataProperties.swift */ = {isa = PBXFileReference; lastKnownFileType = sourcecode.swift; path = "Trip+CoreDataProperties.swift"; sourceTree = "<group>"; };
		6E5A906025662156006B7A4C /* Stop+CoreDataClass.swift */ = {isa = PBXFileReference; lastKnownFileType = sourcecode.swift; path = "Stop+CoreDataClass.swift"; sourceTree = "<group>"; };
		6E5A906125662156006B7A4C /* Stop+CoreDataProperties.swift */ = {isa = PBXFileReference; lastKnownFileType = sourcecode.swift; path = "Stop+CoreDataProperties.swift"; sourceTree = "<group>"; };
		6E5A906C256623F2006B7A4C /* StopsViewController.swift */ = {isa = PBXFileReference; lastKnownFileType = sourcecode.swift; path = StopsViewController.swift; sourceTree = "<group>"; };
		6E5A907125662400006B7A4C /* TripsViewController.swift */ = {isa = PBXFileReference; lastKnownFileType = sourcecode.swift; path = TripsViewController.swift; sourceTree = "<group>"; };
		6E5A907625662427006B7A4C /* StopDetailzViewController.swift */ = {isa = PBXFileReference; lastKnownFileType = sourcecode.swift; path = StopDetailzViewController.swift; sourceTree = "<group>"; };
		6E5A907B25662442006B7A4C /* StopTableViewCell.swift */ = {isa = PBXFileReference; lastKnownFileType = sourcecode.swift; path = StopTableViewCell.swift; sourceTree = "<group>"; };
		6EA2C80A257434EC0008F67D /* AddStopsViewController.swift */ = {isa = PBXFileReference; lastKnownFileType = sourcecode.swift; path = AddStopsViewController.swift; sourceTree = "<group>"; };
		6EA2C81425744E8A0008F67D /* TripsTableViewCell.swift */ = {isa = PBXFileReference; lastKnownFileType = sourcecode.swift; path = TripsTableViewCell.swift; sourceTree = "<group>"; };
		6EA2C81C25748BC70008F67D /* AddTripViewController.swift */ = {isa = PBXFileReference; lastKnownFileType = sourcecode.swift; path = AddTripViewController.swift; sourceTree = "<group>"; };
/* End PBXFileReference section */

/* Begin PBXFrameworksBuildPhase section */
		6E5A9002256603CF006B7A4C /* Frameworks */ = {
			isa = PBXFrameworksBuildPhase;
			buildActionMask = 2147483647;
			files = (
			);
			runOnlyForDeploymentPostprocessing = 0;
		};
		6E5A901B256603D2006B7A4C /* Frameworks */ = {
			isa = PBXFrameworksBuildPhase;
			buildActionMask = 2147483647;
			files = (
			);
			runOnlyForDeploymentPostprocessing = 0;
		};
		6E5A9026256603D2006B7A4C /* Frameworks */ = {
			isa = PBXFrameworksBuildPhase;
			buildActionMask = 2147483647;
			files = (
			);
			runOnlyForDeploymentPostprocessing = 0;
		};
/* End PBXFrameworksBuildPhase section */

/* Begin PBXGroup section */
		6E5A8FFC256603CF006B7A4C = {
			isa = PBXGroup;
			children = (
				6E5A9007256603CF006B7A4C /* Travelogue */,
				6E5A9021256603D2006B7A4C /* TravelogueTests */,
				6E5A902C256603D2006B7A4C /* TravelogueUITests */,
				6E5A9006256603CF006B7A4C /* Products */,
			);
			sourceTree = "<group>";
		};
		6E5A9006256603CF006B7A4C /* Products */ = {
			isa = PBXGroup;
			children = (
				6E5A9005256603CF006B7A4C /* Travelogue.app */,
				6E5A901E256603D2006B7A4C /* TravelogueTests.xctest */,
				6E5A9029256603D2006B7A4C /* TravelogueUITests.xctest */,
			);
			name = Products;
			sourceTree = "<group>";
		};
		6E5A9007256603CF006B7A4C /* Travelogue */ = {
			isa = PBXGroup;
			children = (
				6E5A905E25662156006B7A4C /* Trip+CoreDataClass.swift */,
				6E5A905F25662156006B7A4C /* Trip+CoreDataProperties.swift */,
				6E5A906025662156006B7A4C /* Stop+CoreDataClass.swift */,
				6E5A906125662156006B7A4C /* Stop+CoreDataProperties.swift */,
				6E5A9008256603CF006B7A4C /* AppDelegate.swift */,
				6E5A900A256603CF006B7A4C /* SceneDelegate.swift */,
				6E5A900C256603CF006B7A4C /* ViewController.swift */,
				6E5A900E256603CF006B7A4C /* Main.storyboard */,
				6E5A9014256603D1006B7A4C /* Assets.xcassets */,
				6E5A9016256603D1006B7A4C /* LaunchScreen.storyboard */,
				6E5A9019256603D1006B7A4C /* Info.plist */,
				6E5A9011256603CF006B7A4C /* Travelogue.xcdatamodeld */,
				6E5A907125662400006B7A4C /* TripsViewController.swift */,
				6EA2C81425744E8A0008F67D /* TripsTableViewCell.swift */,
				6EA2C81C25748BC70008F67D /* AddTripViewController.swift */,
				6E5A906C256623F2006B7A4C /* StopsViewController.swift */,
				6E5A907B25662442006B7A4C /* StopTableViewCell.swift */,
				6E5A907625662427006B7A4C /* StopDetailzViewController.swift */,
				6EA2C80A257434EC0008F67D /* AddStopsViewController.swift */,
			);
			path = Travelogue;
			sourceTree = "<group>";
		};
		6E5A9021256603D2006B7A4C /* TravelogueTests */ = {
			isa = PBXGroup;
			children = (
				6E5A9022256603D2006B7A4C /* TravelogueTests.swift */,
				6E5A9024256603D2006B7A4C /* Info.plist */,
			);
			path = TravelogueTests;
			sourceTree = "<group>";
		};
		6E5A902C256603D2006B7A4C /* TravelogueUITests */ = {
			isa = PBXGroup;
			children = (
				6E5A902D256603D2006B7A4C /* TravelogueUITests.swift */,
				6E5A902F256603D2006B7A4C /* Info.plist */,
			);
			path = TravelogueUITests;
			sourceTree = "<group>";
		};
/* End PBXGroup section */

/* Begin PBXNativeTarget section */
		6E5A9004256603CF006B7A4C /* Travelogue */ = {
			isa = PBXNativeTarget;
			buildConfigurationList = 6E5A9032256603D2006B7A4C /* Build configuration list for PBXNativeTarget "Travelogue" */;
			buildPhases = (
				6E5A9001256603CF006B7A4C /* Sources */,
				6E5A9002256603CF006B7A4C /* Frameworks */,
				6E5A9003256603CF006B7A4C /* Resources */,
			);
			buildRules = (
			);
			dependencies = (
			);
			name = Travelogue;
			productName = Travelogue;
			productReference = 6E5A9005256603CF006B7A4C /* Travelogue.app */;
			productType = "com.apple.product-type.application";
		};
		6E5A901D256603D2006B7A4C /* TravelogueTests */ = {
			isa = PBXNativeTarget;
			buildConfigurationList = 6E5A9035256603D2006B7A4C /* Build configuration list for PBXNativeTarget "TravelogueTests" */;
			buildPhases = (
				6E5A901A256603D2006B7A4C /* Sources */,
				6E5A901B256603D2006B7A4C /* Frameworks */,
				6E5A901C256603D2006B7A4C /* Resources */,
			);
			buildRules = (
			);
			dependencies = (
				6E5A9020256603D2006B7A4C /* PBXTargetDependency */,
			);
			name = TravelogueTests;
			productName = TravelogueTests;
			productReference = 6E5A901E256603D2006B7A4C /* TravelogueTests.xctest */;
			productType = "com.apple.product-type.bundle.unit-test";
		};
		6E5A9028256603D2006B7A4C /* TravelogueUITests */ = {
			isa = PBXNativeTarget;
			buildConfigurationList = 6E5A9038256603D2006B7A4C /* Build configuration list for PBXNativeTarget "TravelogueUITests" */;
			buildPhases = (
				6E5A9025256603D2006B7A4C /* Sources */,
				6E5A9026256603D2006B7A4C /* Frameworks */,
				6E5A9027256603D2006B7A4C /* Resources */,
			);
			buildRules = (
			);
			dependencies = (
				6E5A902B256603D2006B7A4C /* PBXTargetDependency */,
			);
			name = TravelogueUITests;
			productName = TravelogueUITests;
			productReference = 6E5A9029256603D2006B7A4C /* TravelogueUITests.xctest */;
			productType = "com.apple.product-type.bundle.ui-testing";
		};
/* End PBXNativeTarget section */

/* Begin PBXProject section */
		6E5A8FFD256603CF006B7A4C /* Project object */ = {
			isa = PBXProject;
			attributes = {
				LastSwiftUpdateCheck = 1220;
				LastUpgradeCheck = 1220;
				TargetAttributes = {
					6E5A9004256603CF006B7A4C = {
						CreatedOnToolsVersion = 12.2;
					};
					6E5A901D256603D2006B7A4C = {
						CreatedOnToolsVersion = 12.2;
						TestTargetID = 6E5A9004256603CF006B7A4C;
					};
					6E5A9028256603D2006B7A4C = {
						CreatedOnToolsVersion = 12.2;
						TestTargetID = 6E5A9004256603CF006B7A4C;
					};
				};
			};
			buildConfigurationList = 6E5A9000256603CF006B7A4C /* Build configuration list for PBXProject "Travelogue" */;
			compatibilityVersion = "Xcode 9.3";
			developmentRegion = en;
			hasScannedForEncodings = 0;
			knownRegions = (
				en,
				Base,
			);
			mainGroup = 6E5A8FFC256603CF006B7A4C;
			productRefGroup = 6E5A9006256603CF006B7A4C /* Products */;
			projectDirPath = "";
			projectRoot = "";
			targets = (
				6E5A9004256603CF006B7A4C /* Travelogue */,
				6E5A901D256603D2006B7A4C /* TravelogueTests */,
				6E5A9028256603D2006B7A4C /* TravelogueUITests */,
			);
		};
/* End PBXProject section */

/* Begin PBXResourcesBuildPhase section */
		6E5A9003256603CF006B7A4C /* Resources */ = {
			isa = PBXResourcesBuildPhase;
			buildActionMask = 2147483647;
			files = (
				6E5A9018256603D1006B7A4C /* LaunchScreen.storyboard in Resources */,
				6E5A9015256603D1006B7A4C /* Assets.xcassets in Resources */,
				6E5A9010256603CF006B7A4C /* Main.storyboard in Resources */,
			);
			runOnlyForDeploymentPostprocessing = 0;
		};
		6E5A901C256603D2006B7A4C /* Resources */ = {
			isa = PBXResourcesBuildPhase;
			buildActionMask = 2147483647;
			files = (
			);
			runOnlyForDeploymentPostprocessing = 0;
		};
		6E5A9027256603D2006B7A4C /* Resources */ = {
			isa = PBXResourcesBuildPhase;
			buildActionMask = 2147483647;
			files = (
			);
			runOnlyForDeploymentPostprocessing = 0;
		};
/* End PBXResourcesBuildPhase section */

/* Begin PBXSourcesBuildPhase section */
		6E5A9001256603CF006B7A4C /* Sources */ = {
			isa = PBXSourcesBuildPhase;
			buildActionMask = 2147483647;
			files = (
				6E5A906325662156006B7A4C /* Trip+CoreDataProperties.swift in Sources */,
				6E5A906525662156006B7A4C /* Stop+CoreDataProperties.swift in Sources */,
				6E5A900D256603CF006B7A4C /* ViewController.swift in Sources */,
				6E5A9013256603CF006B7A4C /* Travelogue.xcdatamodeld in Sources */,
				6E5A906425662156006B7A4C /* Stop+CoreDataClass.swift in Sources */,
				6EA2C81D25748BC70008F67D /* AddTripViewController.swift in Sources */,
				6E5A9009256603CF006B7A4C /* AppDelegate.swift in Sources */,
				6E5A907725662427006B7A4C /* StopDetailzViewController.swift in Sources */,
				6E5A907C25662442006B7A4C /* StopTableViewCell.swift in Sources */,
				6E5A900B256603CF006B7A4C /* SceneDelegate.swift in Sources */,
				6E5A906D256623F2006B7A4C /* StopsViewController.swift in Sources */,
				6E5A906225662156006B7A4C /* Trip+CoreDataClass.swift in Sources */,
				6EA2C80B257434EC0008F67D /* AddStopsViewController.swift in Sources */,
				6EA2C81525744E8A0008F67D /* TripsTableViewCell.swift in Sources */,
				6E5A907225662400006B7A4C /* TripsViewController.swift in Sources */,
			);
			runOnlyForDeploymentPostprocessing = 0;
		};
		6E5A901A256603D2006B7A4C /* Sources */ = {
			isa = PBXSourcesBuildPhase;
			buildActionMask = 2147483647;
			files = (
				6E5A9023256603D2006B7A4C /* TravelogueTests.swift in Sources */,
			);
			runOnlyForDeploymentPostprocessing = 0;
		};
		6E5A9025256603D2006B7A4C /* Sources */ = {
			isa = PBXSourcesBuildPhase;
			buildActionMask = 2147483647;
			files = (
				6E5A902E256603D2006B7A4C /* TravelogueUITests.swift in Sources */,
			);
			runOnlyForDeploymentPostprocessing = 0;
		};
/* End PBXSourcesBuildPhase section */

/* Begin PBXTargetDependency section */
		6E5A9020256603D2006B7A4C /* PBXTargetDependency */ = {
			isa = PBXTargetDependency;
			target = 6E5A9004256603CF006B7A4C /* Travelogue */;
			targetProxy = 6E5A901F256603D2006B7A4C /* PBXContainerItemProxy */;
		};
		6E5A902B256603D2006B7A4C /* PBXTargetDependency */ = {
			isa = PBXTargetDependency;
			target = 6E5A9004256603CF006B7A4C /* Travelogue */;
			targetProxy = 6E5A902A256603D2006B7A4C /* PBXContainerItemProxy */;
		};
/* End PBXTargetDependency section */

/* Begin PBXVariantGroup section */
		6E5A900E256603CF006B7A4C /* Main.storyboard */ = {
			isa = PBXVariantGroup;
			children = (
				6E5A900F256603CF006B7A4C /* Base */,
			);
			name = Main.storyboard;
			sourceTree = "<group>";
		};
		6E5A9016256603D1006B7A4C /* LaunchScreen.storyboard */ = {
			isa = PBXVariantGroup;
			children = (
				6E5A9017256603D1006B7A4C /* Base */,
			);
			name = LaunchScreen.storyboard;
			sourceTree = "<group>";
		};
/* End PBXVariantGroup section */

/* Begin XCBuildConfiguration section */
		6E5A9030256603D2006B7A4C /* Debug */ = {
			isa = XCBuildConfiguration;
			buildSettings = {
				ALWAYS_SEARCH_USER_PATHS = NO;
				CLANG_ANALYZER_NONNULL = YES;
				CLANG_ANALYZER_NUMBER_OBJECT_CONVERSION = YES_AGGRESSIVE;
				CLANG_CXX_LANGUAGE_STANDARD = "gnu++14";
				CLANG_CXX_LIBRARY = "libc++";
				CLANG_ENABLE_MODULES = YES;
				CLANG_ENABLE_OBJC_ARC = YES;
				CLANG_ENABLE_OBJC_WEAK = YES;
				CLANG_WARN_BLOCK_CAPTURE_AUTORELEASING = YES;
				CLANG_WARN_BOOL_CONVERSION = YES;
				CLANG_WARN_COMMA = YES;
				CLANG_WARN_CONSTANT_CONVERSION = YES;
				CLANG_WARN_DEPRECATED_OBJC_IMPLEMENTATIONS = YES;
				CLANG_WARN_DIRECT_OBJC_ISA_USAGE = YES_ERROR;
				CLANG_WARN_DOCUMENTATION_COMMENTS = YES;
				CLANG_WARN_EMPTY_BODY = YES;
				CLANG_WARN_ENUM_CONVERSION = YES;
				CLANG_WARN_INFINITE_RECURSION = YES;
				CLANG_WARN_INT_CONVERSION = YES;
				CLANG_WARN_NON_LITERAL_NULL_CONVERSION = YES;
				CLANG_WARN_OBJC_IMPLICIT_RETAIN_SELF = YES;
				CLANG_WARN_OBJC_LITERAL_CONVERSION = YES;
				CLANG_WARN_OBJC_ROOT_CLASS = YES_ERROR;
				CLANG_WARN_QUOTED_INCLUDE_IN_FRAMEWORK_HEADER = YES;
				CLANG_WARN_RANGE_LOOP_ANALYSIS = YES;
				CLANG_WARN_STRICT_PROTOTYPES = YES;
				CLANG_WARN_SUSPICIOUS_MOVE = YES;
				CLANG_WARN_UNGUARDED_AVAILABILITY = YES_AGGRESSIVE;
				CLANG_WARN_UNREACHABLE_CODE = YES;
				CLANG_WARN__DUPLICATE_METHOD_MATCH = YES;
				COPY_PHASE_STRIP = NO;
				DEBUG_INFORMATION_FORMAT = dwarf;
				ENABLE_STRICT_OBJC_MSGSEND = YES;
				ENABLE_TESTABILITY = YES;
				GCC_C_LANGUAGE_STANDARD = gnu11;
				GCC_DYNAMIC_NO_PIC = NO;
				GCC_NO_COMMON_BLOCKS = YES;
				GCC_OPTIMIZATION_LEVEL = 0;
				GCC_PREPROCESSOR_DEFINITIONS = (
					"DEBUG=1",
					"$(inherited)",
				);
				GCC_WARN_64_TO_32_BIT_CONVERSION = YES;
				GCC_WARN_ABOUT_RETURN_TYPE = YES_ERROR;
				GCC_WARN_UNDECLARED_SELECTOR = YES;
				GCC_WARN_UNINITIALIZED_AUTOS = YES_AGGRESSIVE;
				GCC_WARN_UNUSED_FUNCTION = YES;
				GCC_WARN_UNUSED_VARIABLE = YES;
				IPHONEOS_DEPLOYMENT_TARGET = 14.2;
				MTL_ENABLE_DEBUG_INFO = INCLUDE_SOURCE;
				MTL_FAST_MATH = YES;
				ONLY_ACTIVE_ARCH = YES;
				SDKROOT = iphoneos;
				SWIFT_ACTIVE_COMPILATION_CONDITIONS = DEBUG;
				SWIFT_OPTIMIZATION_LEVEL = "-Onone";
			};
			name = Debug;
		};
		6E5A9031256603D2006B7A4C /* Release */ = {
			isa = XCBuildConfiguration;
			buildSettings = {
				ALWAYS_SEARCH_USER_PATHS = NO;
				CLANG_ANALYZER_NONNULL = YES;
				CLANG_ANALYZER_NUMBER_OBJECT_CONVERSION = YES_AGGRESSIVE;
				CLANG_CXX_LANGUAGE_STANDARD = "gnu++14";
				CLANG_CXX_LIBRARY = "libc++";
				CLANG_ENABLE_MODULES = YES;
				CLANG_ENABLE_OBJC_ARC = YES;
				CLANG_ENABLE_OBJC_WEAK = YES;
				CLANG_WARN_BLOCK_CAPTURE_AUTORELEASING = YES;
				CLANG_WARN_BOOL_CONVERSION = YES;
				CLANG_WARN_COMMA = YES;
				CLANG_WARN_CONSTANT_CONVERSION = YES;
				CLANG_WARN_DEPRECATED_OBJC_IMPLEMENTATIONS = YES;
				CLANG_WARN_DIRECT_OBJC_ISA_USAGE = YES_ERROR;
				CLANG_WARN_DOCUMENTATION_COMMENTS = YES;
				CLANG_WARN_EMPTY_BODY = YES;
				CLANG_WARN_ENUM_CONVERSION = YES;
				CLANG_WARN_INFINITE_RECURSION = YES;
				CLANG_WARN_INT_CONVERSION = YES;
				CLANG_WARN_NON_LITERAL_NULL_CONVERSION = YES;
				CLANG_WARN_OBJC_IMPLICIT_RETAIN_SELF = YES;
				CLANG_WARN_OBJC_LITERAL_CONVERSION = YES;
				CLANG_WARN_OBJC_ROOT_CLASS = YES_ERROR;
				CLANG_WARN_QUOTED_INCLUDE_IN_FRAMEWORK_HEADER = YES;
				CLANG_WARN_RANGE_LOOP_ANALYSIS = YES;
				CLANG_WARN_STRICT_PROTOTYPES = YES;
				CLANG_WARN_SUSPICIOUS_MOVE = YES;
				CLANG_WARN_UNGUARDED_AVAILABILITY = YES_AGGRESSIVE;
				CLANG_WARN_UNREACHABLE_CODE = YES;
				CLANG_WARN__DUPLICATE_METHOD_MATCH = YES;
				COPY_PHASE_STRIP = NO;
				DEBUG_INFORMATION_FORMAT = "dwarf-with-dsym";
				ENABLE_NS_ASSERTIONS = NO;
				ENABLE_STRICT_OBJC_MSGSEND = YES;
				GCC_C_LANGUAGE_STANDARD = gnu11;
				GCC_NO_COMMON_BLOCKS = YES;
				GCC_WARN_64_TO_32_BIT_CONVERSION = YES;
				GCC_WARN_ABOUT_RETURN_TYPE = YES_ERROR;
				GCC_WARN_UNDECLARED_SELECTOR = YES;
				GCC_WARN_UNINITIALIZED_AUTOS = YES_AGGRESSIVE;
				GCC_WARN_UNUSED_FUNCTION = YES;
				GCC_WARN_UNUSED_VARIABLE = YES;
				IPHONEOS_DEPLOYMENT_TARGET = 14.2;
				MTL_ENABLE_DEBUG_INFO = NO;
				MTL_FAST_MATH = YES;
				SDKROOT = iphoneos;
				SWIFT_COMPILATION_MODE = wholemodule;
				SWIFT_OPTIMIZATION_LEVEL = "-O";
				VALIDATE_PRODUCT = YES;
			};
			name = Release;
		};
		6E5A9033256603D2006B7A4C /* Debug */ = {
			isa = XCBuildConfiguration;
			buildSettings = {
				ASSETCATALOG_COMPILER_APPICON_NAME = AppIcon;
				ASSETCATALOG_COMPILER_GLOBAL_ACCENT_COLOR_NAME = AccentColor;
				CODE_SIGN_STYLE = Automatic;
				DEVELOPMENT_TEAM = BRYAB668WR;
				INFOPLIST_FILE = Travelogue/Info.plist;
				IPHONEOS_DEPLOYMENT_TARGET = 13.1;
				LD_RUNPATH_SEARCH_PATHS = (
					"$(inherited)",
					"@executable_path/Frameworks",
				);
				PRODUCT_BUNDLE_IDENTIFIER = com.JoeXavier.Travelogue;
				PRODUCT_NAME = "$(TARGET_NAME)";
				SWIFT_VERSION = 5.0;
				TARGETED_DEVICE_FAMILY = "1,2";
			};
			name = Debug;
		};
		6E5A9034256603D2006B7A4C /* Release */ = {
			isa = XCBuildConfiguration;
			buildSettings = {
				ASSETCATALOG_COMPILER_APPICON_NAME = AppIcon;
				ASSETCATALOG_COMPILER_GLOBAL_ACCENT_COLOR_NAME = AccentColor;
				CODE_SIGN_STYLE = Automatic;
				DEVELOPMENT_TEAM = BRYAB668WR;
				INFOPLIST_FILE = Travelogue/Info.plist;
				IPHONEOS_DEPLOYMENT_TARGET = 13.1;
				LD_RUNPATH_SEARCH_PATHS = (
					"$(inherited)",
					"@executable_path/Frameworks",
				);
				PRODUCT_BUNDLE_IDENTIFIER = com.JoeXavier.Travelogue;
				PRODUCT_NAME = "$(TARGET_NAME)";
				SWIFT_VERSION = 5.0;
				TARGETED_DEVICE_FAMILY = "1,2";
			};
			name = Release;
		};
		6E5A9036256603D2006B7A4C /* Debug */ = {
			isa = XCBuildConfiguration;
			buildSettings = {
				ALWAYS_EMBED_SWIFT_STANDARD_LIBRARIES = YES;
				BUNDLE_LOADER = "$(TEST_HOST)";
				CODE_SIGN_STYLE = Automatic;
				DEVELOPMENT_TEAM = BRYAB668WR;
				INFOPLIST_FILE = TravelogueTests/Info.plist;
				IPHONEOS_DEPLOYMENT_TARGET = 14.2;
				LD_RUNPATH_SEARCH_PATHS = (
					"$(inherited)",
					"@executable_path/Frameworks",
					"@loader_path/Frameworks",
				);
				PRODUCT_BUNDLE_IDENTIFIER = com.JoeXavier.TravelogueTests;
				PRODUCT_NAME = "$(TARGET_NAME)";
				SWIFT_VERSION = 5.0;
				TARGETED_DEVICE_FAMILY = "1,2";
				TEST_HOST = "$(BUILT_PRODUCTS_DIR)/Travelogue.app/Travelogue";
			};
			name = Debug;
		};
		6E5A9037256603D2006B7A4C /* Release */ = {
			isa = XCBuildConfiguration;
			buildSettings = {
				ALWAYS_EMBED_SWIFT_STANDARD_LIBRARIES = YES;
				BUNDLE_LOADER = "$(TEST_HOST)";
				CODE_SIGN_STYLE = Automatic;
				DEVELOPMENT_TEAM = BRYAB668WR;
				INFOPLIST_FILE = TravelogueTests/Info.plist;
				IPHONEOS_DEPLOYMENT_TARGET = 14.2;
				LD_RUNPATH_SEARCH_PATHS = (
					"$(inherited)",
					"@executable_path/Frameworks",
					"@loader_path/Frameworks",
				);
				PRODUCT_BUNDLE_IDENTIFIER = com.JoeXavier.TravelogueTests;
				PRODUCT_NAME = "$(TARGET_NAME)";
				SWIFT_VERSION = 5.0;
				TARGETED_DEVICE_FAMILY = "1,2";
				TEST_HOST = "$(BUILT_PRODUCTS_DIR)/Travelogue.app/Travelogue";
			};
			name = Release;
		};
		6E5A9039256603D2006B7A4C /* Debug */ = {
			isa = XCBuildConfiguration;
			buildSettings = {
				ALWAYS_EMBED_SWIFT_STANDARD_LIBRARIES = YES;
				CODE_SIGN_STYLE = Automatic;
				DEVELOPMENT_TEAM = BRYAB668WR;
				INFOPLIST_FILE = TravelogueUITests/Info.plist;
				LD_RUNPATH_SEARCH_PATHS = (
					"$(inherited)",
					"@executable_path/Frameworks",
					"@loader_path/Frameworks",
				);
				PRODUCT_BUNDLE_IDENTIFIER = com.JoeXavier.TravelogueUITests;
				PRODUCT_NAME = "$(TARGET_NAME)";
				SWIFT_VERSION = 5.0;
				TARGETED_DEVICE_FAMILY = "1,2";
				TEST_TARGET_NAME = Travelogue;
			};
			name = Debug;
		};
		6E5A903A256603D2006B7A4C /* Release */ = {
			isa = XCBuildConfiguration;
			buildSettings = {
				ALWAYS_EMBED_SWIFT_STANDARD_LIBRARIES = YES;
				CODE_SIGN_STYLE = Automatic;
				DEVELOPMENT_TEAM = BRYAB668WR;
				INFOPLIST_FILE = TravelogueUITests/Info.plist;
				LD_RUNPATH_SEARCH_PATHS = (
					"$(inherited)",
					"@executable_path/Frameworks",
					"@loader_path/Frameworks",
				);
				PRODUCT_BUNDLE_IDENTIFIER = com.JoeXavier.TravelogueUITests;
				PRODUCT_NAME = "$(TARGET_NAME)";
				SWIFT_VERSION = 5.0;
				TARGETED_DEVICE_FAMILY = "1,2";
				TEST_TARGET_NAME = Travelogue;
			};
			name = Release;
		};
/* End XCBuildConfiguration section */

/* Begin XCConfigurationList section */
		6E5A9000256603CF006B7A4C /* Build configuration list for PBXProject "Travelogue" */ = {
			isa = XCConfigurationList;
			buildConfigurations = (
				6E5A9030256603D2006B7A4C /* Debug */,
				6E5A9031256603D2006B7A4C /* Release */,
			);
			defaultConfigurationIsVisible = 0;
			defaultConfigurationName = Release;
		};
		6E5A9032256603D2006B7A4C /* Build configuration list for PBXNativeTarget "Travelogue" */ = {
			isa = XCConfigurationList;
			buildConfigurations = (
				6E5A9033256603D2006B7A4C /* Debug */,
				6E5A9034256603D2006B7A4C /* Release */,
			);
			defaultConfigurationIsVisible = 0;
			defaultConfigurationName = Release;
		};
		6E5A9035256603D2006B7A4C /* Build configuration list for PBXNativeTarget "TravelogueTests" */ = {
			isa = XCConfigurationList;
			buildConfigurations = (
				6E5A9036256603D2006B7A4C /* Debug */,
				6E5A9037256603D2006B7A4C /* Release */,
			);
			defaultConfigurationIsVisible = 0;
			defaultConfigurationName = Release;
		};
		6E5A9038256603D2006B7A4C /* Build configuration list for PBXNativeTarget "TravelogueUITests" */ = {
			isa = XCConfigurationList;
			buildConfigurations = (
				6E5A9039256603D2006B7A4C /* Debug */,
				6E5A903A256603D2006B7A4C /* Release */,
			);
			defaultConfigurationIsVisible = 0;
			defaultConfigurationName = Release;
		};
/* End XCConfigurationList section */

/* Begin XCVersionGroup section */
		6E5A9011256603CF006B7A4C /* Travelogue.xcdatamodeld */ = {
			isa = XCVersionGroup;
			children = (
				6E5A9012256603CF006B7A4C /* Travelogue.xcdatamodel */,
			);
			currentVersion = 6E5A9012256603CF006B7A4C /* Travelogue.xcdatamodel */;
			path = Travelogue.xcdatamodeld;
			sourceTree = "<group>";
			versionGroupType = wrapper.xcdatamodel;
		};
/* End XCVersionGroup section */
	};
	rootObject = 6E5A8FFD256603CF006B7A4C /* Project object */;
}
